// !$*UTF8*$!
{
	archiveVersion = 1;
	classes = {
	};
	objectVersion = 46;
	objects = {

/* Begin PBXBuildFile section */
		1D3623260D0F684500981E51 /* decadeAppDelegate.m in Sources */ = {isa = PBXBuildFile; fileRef = 1D3623250D0F684500981E51 /* decadeAppDelegate.m */; };
		1D60589B0D05DD56006BFB54 /* main.m in Sources */ = {isa = PBXBuildFile; fileRef = 29B97316FDCFA39411CA2CEA /* main.m */; };
		1D60589F0D05DD5A006BFB54 /* Foundation.framework in Frameworks */ = {isa = PBXBuildFile; fileRef = 1D30AB110D05D00D00671497 /* Foundation.framework */; };
		1DF5F4E00D08C38300B7A737 /* UIKit.framework in Frameworks */ = {isa = PBXBuildFile; fileRef = 1DF5F4DF0D08C38300B7A737 /* UIKit.framework */; };
		28193060112F816700ECF9B4 /* decade.xcdatamodeld in Sources */ = {isa = PBXBuildFile; fileRef = 2819305F112F816700ECF9B4 /* decade.xcdatamodeld */; };
		288765A50DF7441C002DB57D /* CoreGraphics.framework in Frameworks */ = {isa = PBXBuildFile; fileRef = 288765A40DF7441C002DB57D /* CoreGraphics.framework */; };
		28AD733F0D9D9553002E5188 /* MainWindow.xib in Resources */ = {isa = PBXBuildFile; fileRef = 28AD733E0D9D9553002E5188 /* MainWindow.xib */; };
		28D801B40F44B63D00FB423F /* CoreData.framework in Frameworks */ = {isa = PBXBuildFile; fileRef = 28D801B30F44B63D00FB423F /* CoreData.framework */; };
		9736A9D71476232100BD1D92 /* apples.jpg in Resources */ = {isa = PBXBuildFile; fileRef = 9736A9CB1476232100BD1D92 /* apples.jpg */; };
		9736A9D81476232100BD1D92 /* bananas.jpg in Resources */ = {isa = PBXBuildFile; fileRef = 9736A9CC1476232100BD1D92 /* bananas.jpg */; };
		9736A9D91476232100BD1D92 /* caged.jpg in Resources */ = {isa = PBXBuildFile; fileRef = 9736A9CD1476232100BD1D92 /* caged.jpg */; };
		9736A9DA1476232100BD1D92 /* caged3.jpg in Resources */ = {isa = PBXBuildFile; fileRef = 9736A9CE1476232100BD1D92 /* caged3.jpg */; };
		9736A9DB1476232100BD1D92 /* drive.jpg in Resources */ = {isa = PBXBuildFile; fileRef = 9736A9CF1476232100BD1D92 /* drive.jpg */; };
		9736A9DC1476232100BD1D92 /* dust.jpg in Resources */ = {isa = PBXBuildFile; fileRef = 9736A9D01476232100BD1D92 /* dust.jpg */; };
		9736A9DD1476232100BD1D92 /* enjoy.jpg in Resources */ = {isa = PBXBuildFile; fileRef = 9736A9D11476232100BD1D92 /* enjoy.jpg */; };
		9736A9DE1476232100BD1D92 /* eyes.jpg in Resources */ = {isa = PBXBuildFile; fileRef = 9736A9D21476232100BD1D92 /* eyes.jpg */; };
		9736A9DF1476232100BD1D92 /* fall.jpg in Resources */ = {isa = PBXBuildFile; fileRef = 9736A9D31476232100BD1D92 /* fall.jpg */; };
		9736A9E01476232100BD1D92 /* forestdark.jpg in Resources */ = {isa = PBXBuildFile; fileRef = 9736A9D41476232100BD1D92 /* forestdark.jpg */; };
		9736A9E11476232100BD1D92 /* forestlight.jpg in Resources */ = {isa = PBXBuildFile; fileRef = 9736A9D51476232100BD1D92 /* forestlight.jpg */; };
		9736A9E21476232100BD1D92 /* going.jpg in Resources */ = {isa = PBXBuildFile; fileRef = 9736A9D61476232100BD1D92 /* going.jpg */; };
		97A3B6041474ACC100A08FA4 /* PersonListViewController.m in Sources */ = {isa = PBXBuildFile; fileRef = 97A3B6021474ACC100A08FA4 /* PersonListViewController.m */; };
		97A3B6051474ACC100A08FA4 /* PersonListViewController.xib in Resources */ = {isa = PBXBuildFile; fileRef = 97A3B6031474ACC100A08FA4 /* PersonListViewController.xib */; };
		97E361BD14771F9D001FCE37 /* PhotoListViewController.m in Sources */ = {isa = PBXBuildFile; fileRef = 97E361BC14771F9D001FCE37 /* PhotoListViewController.m */; };
		97E361BF14772DE1001FCE37 /* Photos.plist in Resources */ = {isa = PBXBuildFile; fileRef = 97E361BE14772DE1001FCE37 /* Photos.plist */; };
		97E361C1147730A3001FCE37 /* paper.jpg in Resources */ = {isa = PBXBuildFile; fileRef = 97E361C0147730A3001FCE37 /* paper.jpg */; };
		97E361C8147739C9001FCE37 /* PhotoDetailViewController.m in Sources */ = {isa = PBXBuildFile; fileRef = 97E361C6147739C8001FCE37 /* PhotoDetailViewController.m */; };
		97E361C9147739C9001FCE37 /* PhotoDetailViewController.xib in Resources */ = {isa = PBXBuildFile; fileRef = 97E361C7147739C8001FCE37 /* PhotoDetailViewController.xib */; };
		97E361D8147B450D001FCE37 /* Photo.m in Sources */ = {isa = PBXBuildFile; fileRef = 97E361D7147B450D001FCE37 /* Photo.m */; };
		97E361DB147B4519001FCE37 /* Person.m in Sources */ = {isa = PBXBuildFile; fileRef = 97E361DA147B4519001FCE37 /* Person.m */; };
/* End PBXBuildFile section */

/* Begin PBXFileReference section */
		1D30AB110D05D00D00671497 /* Foundation.framework */ = {isa = PBXFileReference; lastKnownFileType = wrapper.framework; name = Foundation.framework; path = System/Library/Frameworks/Foundation.framework; sourceTree = SDKROOT; };
		1D3623240D0F684500981E51 /* decadeAppDelegate.h */ = {isa = PBXFileReference; fileEncoding = 4; lastKnownFileType = sourcecode.c.h; path = decadeAppDelegate.h; sourceTree = "<group>"; };
		1D3623250D0F684500981E51 /* decadeAppDelegate.m */ = {isa = PBXFileReference; fileEncoding = 4; lastKnownFileType = sourcecode.c.objc; path = decadeAppDelegate.m; sourceTree = "<group>"; };
		1D6058910D05DD3D006BFB54 /* decade.app */ = {isa = PBXFileReference; explicitFileType = wrapper.application; includeInIndex = 0; path = decade.app; sourceTree = BUILT_PRODUCTS_DIR; };
		1DF5F4DF0D08C38300B7A737 /* UIKit.framework */ = {isa = PBXFileReference; lastKnownFileType = wrapper.framework; name = UIKit.framework; path = System/Library/Frameworks/UIKit.framework; sourceTree = SDKROOT; };
		288765A40DF7441C002DB57D /* CoreGraphics.framework */ = {isa = PBXFileReference; lastKnownFileType = wrapper.framework; name = CoreGraphics.framework; path = System/Library/Frameworks/CoreGraphics.framework; sourceTree = SDKROOT; };
		28AD733E0D9D9553002E5188 /* MainWindow.xib */ = {isa = PBXFileReference; lastKnownFileType = file.xib; path = MainWindow.xib; sourceTree = "<group>"; };
		28C3AD890F43EF2300507BA6 /* decade.xcdatamodel */ = {isa = PBXFileReference; fileEncoding = 4; lastKnownFileType = wrapper.xcdatamodel; path = decade.xcdatamodel; sourceTree = "<group>"; };
		28D801B30F44B63D00FB423F /* CoreData.framework */ = {isa = PBXFileReference; lastKnownFileType = wrapper.framework; name = CoreData.framework; path = System/Library/Frameworks/CoreData.framework; sourceTree = SDKROOT; };
		29B97316FDCFA39411CA2CEA /* main.m */ = {isa = PBXFileReference; fileEncoding = 4; lastKnownFileType = sourcecode.c.objc; path = main.m; sourceTree = "<group>"; };
		32CA4F630368D1EE00C91783 /* decade_Prefix.pch */ = {isa = PBXFileReference; fileEncoding = 4; lastKnownFileType = sourcecode.c.h; path = decade_Prefix.pch; sourceTree = "<group>"; };
		8D1107310486CEB800E47090 /* decade-Info.plist */ = {isa = PBXFileReference; fileEncoding = 4; lastKnownFileType = text.plist.xml; path = "decade-Info.plist"; plistStructureDefinitionIdentifier = "com.apple.xcode.plist.structure-definition.iphone.info-plist"; sourceTree = "<group>"; };
		9736A9CB1476232100BD1D92 /* apples.jpg */ = {isa = PBXFileReference; lastKnownFileType = image.jpeg; name = apples.jpg; path = Resources/apples.jpg; sourceTree = "<group>"; };
		9736A9CC1476232100BD1D92 /* bananas.jpg */ = {isa = PBXFileReference; lastKnownFileType = image.jpeg; name = bananas.jpg; path = Resources/bananas.jpg; sourceTree = "<group>"; };
		9736A9CD1476232100BD1D92 /* caged.jpg */ = {isa = PBXFileReference; lastKnownFileType = image.jpeg; name = caged.jpg; path = Resources/caged.jpg; sourceTree = "<group>"; };
		9736A9CE1476232100BD1D92 /* caged3.jpg */ = {isa = PBXFileReference; lastKnownFileType = image.jpeg; name = caged3.jpg; path = Resources/caged3.jpg; sourceTree = "<group>"; };
		9736A9CF1476232100BD1D92 /* drive.jpg */ = {isa = PBXFileReference; lastKnownFileType = image.jpeg; name = drive.jpg; path = Resources/drive.jpg; sourceTree = "<group>"; };
		9736A9D01476232100BD1D92 /* dust.jpg */ = {isa = PBXFileReference; lastKnownFileType = image.jpeg; name = dust.jpg; path = Resources/dust.jpg; sourceTree = "<group>"; };
		9736A9D11476232100BD1D92 /* enjoy.jpg */ = {isa = PBXFileReference; lastKnownFileType = image.jpeg; name = enjoy.jpg; path = Resources/enjoy.jpg; sourceTree = "<group>"; };
		9736A9D21476232100BD1D92 /* eyes.jpg */ = {isa = PBXFileReference; lastKnownFileType = image.jpeg; name = eyes.jpg; path = Resources/eyes.jpg; sourceTree = "<group>"; };
		9736A9D31476232100BD1D92 /* fall.jpg */ = {isa = PBXFileReference; lastKnownFileType = image.jpeg; name = fall.jpg; path = Resources/fall.jpg; sourceTree = "<group>"; };
		9736A9D41476232100BD1D92 /* forestdark.jpg */ = {isa = PBXFileReference; lastKnownFileType = image.jpeg; name = forestdark.jpg; path = Resources/forestdark.jpg; sourceTree = "<group>"; };
		9736A9D51476232100BD1D92 /* forestlight.jpg */ = {isa = PBXFileReference; lastKnownFileType = image.jpeg; name = forestlight.jpg; path = Resources/forestlight.jpg; sourceTree = "<group>"; };
		9736A9D61476232100BD1D92 /* going.jpg */ = {isa = PBXFileReference; lastKnownFileType = image.jpeg; name = going.jpg; path = Resources/going.jpg; sourceTree = "<group>"; };
		97A3B6011474ACC100A08FA4 /* PersonListViewController.h */ = {isa = PBXFileReference; fileEncoding = 4; lastKnownFileType = sourcecode.c.h; path = PersonListViewController.h; sourceTree = "<group>"; };
		97A3B6021474ACC100A08FA4 /* PersonListViewController.m */ = {isa = PBXFileReference; fileEncoding = 4; lastKnownFileType = sourcecode.c.objc; path = PersonListViewController.m; sourceTree = "<group>"; };
		97A3B6031474ACC100A08FA4 /* PersonListViewController.xib */ = {isa = PBXFileReference; lastKnownFileType = file.xib; path = PersonListViewController.xib; sourceTree = "<group>"; };
		97E361BB14771F9D001FCE37 /* PhotoListViewController.h */ = {isa = PBXFileReference; fileEncoding = 4; lastKnownFileType = sourcecode.c.h; path = PhotoListViewController.h; sourceTree = "<group>"; };
		97E361BC14771F9D001FCE37 /* PhotoListViewController.m */ = {isa = PBXFileReference; fileEncoding = 4; lastKnownFileType = sourcecode.c.objc; path = PhotoListViewController.m; sourceTree = "<group>"; };
		97E361BE14772DE1001FCE37 /* Photos.plist */ = {isa = PBXFileReference; fileEncoding = 4; lastKnownFileType = text.plist.xml; name = Photos.plist; path = Classes/Photos.plist; sourceTree = "<group>"; };
		97E361C0147730A3001FCE37 /* paper.jpg */ = {isa = PBXFileReference; lastKnownFileType = image.jpeg; name = paper.jpg; path = Resources/paper.jpg; sourceTree = "<group>"; };
		97E361C5147739C8001FCE37 /* PhotoDetailViewController.h */ = {isa = PBXFileReference; fileEncoding = 4; lastKnownFileType = sourcecode.c.h; path = PhotoDetailViewController.h; sourceTree = "<group>"; };
		97E361C6147739C8001FCE37 /* PhotoDetailViewController.m */ = {isa = PBXFileReference; fileEncoding = 4; lastKnownFileType = sourcecode.c.objc; path = PhotoDetailViewController.m; sourceTree = "<group>"; };
		97E361C7147739C8001FCE37 /* PhotoDetailViewController.xib */ = {isa = PBXFileReference; fileEncoding = 4; lastKnownFileType = file.xib; path = PhotoDetailViewController.xib; sourceTree = "<group>"; };
		97E361D6147B450D001FCE37 /* Photo.h */ = {isa = PBXFileReference; fileEncoding = 4; lastKnownFileType = sourcecode.c.h; name = Photo.h; path = Models/Photo.h; sourceTree = "<group>"; };
		97E361D7147B450D001FCE37 /* Photo.m */ = {isa = PBXFileReference; fileEncoding = 4; lastKnownFileType = sourcecode.c.objc; name = Photo.m; path = Models/Photo.m; sourceTree = "<group>"; };
		97E361D9147B4519001FCE37 /* Person.h */ = {isa = PBXFileReference; fileEncoding = 4; lastKnownFileType = sourcecode.c.h; name = Person.h; path = Models/Person.h; sourceTree = "<group>"; };
		97E361DA147B4519001FCE37 /* Person.m */ = {isa = PBXFileReference; fileEncoding = 4; lastKnownFileType = sourcecode.c.objc; name = Person.m; path = Models/Person.m; sourceTree = "<group>"; };
/* End PBXFileReference section */

/* Begin PBXFrameworksBuildPhase section */
		1D60588F0D05DD3D006BFB54 /* Frameworks */ = {
			isa = PBXFrameworksBuildPhase;
			buildActionMask = 2147483647;
			files = (
				1D60589F0D05DD5A006BFB54 /* Foundation.framework in Frameworks */,
				1DF5F4E00D08C38300B7A737 /* UIKit.framework in Frameworks */,
				288765A50DF7441C002DB57D /* CoreGraphics.framework in Frameworks */,
				28D801B40F44B63D00FB423F /* CoreData.framework in Frameworks */,
			);
			runOnlyForDeploymentPostprocessing = 0;
		};
/* End PBXFrameworksBuildPhase section */

/* Begin PBXGroup section */
		080E96DDFE201D6D7F000001 /* Classes */ = {
			isa = PBXGroup;
			children = (
				97E361CD147B3844001FCE37 /* Models */,
				1D3623240D0F684500981E51 /* decadeAppDelegate.h */,
				1D3623250D0F684500981E51 /* decadeAppDelegate.m */,
				97A3B6011474ACC100A08FA4 /* PersonListViewController.h */,
				97A3B6021474ACC100A08FA4 /* PersonListViewController.m */,
				97A3B6031474ACC100A08FA4 /* PersonListViewController.xib */,
				97E361BB14771F9D001FCE37 /* PhotoListViewController.h */,
				97E361BC14771F9D001FCE37 /* PhotoListViewController.m */,
				97E361C5147739C8001FCE37 /* PhotoDetailViewController.h */,
				97E361C6147739C8001FCE37 /* PhotoDetailViewController.m */,
				97E361C7147739C8001FCE37 /* PhotoDetailViewController.xib */,
			);
			path = Classes;
			sourceTree = "<group>";
		};
		19C28FACFE9D520D11CA2CBB /* Products */ = {
			isa = PBXGroup;
			children = (
				1D6058910D05DD3D006BFB54 /* decade.app */,
			);
			name = Products;
			sourceTree = "<group>";
		};
		29B97314FDCFA39411CA2CEA /* CustomTemplate */ = {
			isa = PBXGroup;
			children = (
				080E96DDFE201D6D7F000001 /* Classes */,
				29B97315FDCFA39411CA2CEA /* Other Sources */,
				29B97317FDCFA39411CA2CEA /* Resources */,
				29B97323FDCFA39411CA2CEA /* Frameworks */,
				19C28FACFE9D520D11CA2CBB /* Products */,
			);
			name = CustomTemplate;
			sourceTree = "<group>";
		};
		29B97315FDCFA39411CA2CEA /* Other Sources */ = {
			isa = PBXGroup;
			children = (
				32CA4F630368D1EE00C91783 /* decade_Prefix.pch */,
				29B97316FDCFA39411CA2CEA /* main.m */,
			);
			name = "Other Sources";
			sourceTree = "<group>";
		};
		29B97317FDCFA39411CA2CEA /* Resources */ = {
			isa = PBXGroup;
			children = (
				97E361BE14772DE1001FCE37 /* Photos.plist */,
				9736A9E31476233000BD1D92 /* photos */,
				2819305F112F816700ECF9B4 /* decade.xcdatamodeld */,
				28AD733E0D9D9553002E5188 /* MainWindow.xib */,
				8D1107310486CEB800E47090 /* decade-Info.plist */,
			);
			name = Resources;
			sourceTree = "<group>";
		};
		29B97323FDCFA39411CA2CEA /* Frameworks */ = {
			isa = PBXGroup;
			children = (
				1DF5F4DF0D08C38300B7A737 /* UIKit.framework */,
				1D30AB110D05D00D00671497 /* Foundation.framework */,
				288765A40DF7441C002DB57D /* CoreGraphics.framework */,
				28D801B30F44B63D00FB423F /* CoreData.framework */,
			);
			name = Frameworks;
			sourceTree = "<group>";
		};
		9736A9E31476233000BD1D92 /* photos */ = {
			isa = PBXGroup;
			children = (
				97E361C0147730A3001FCE37 /* paper.jpg */,
				9736A9CB1476232100BD1D92 /* apples.jpg */,
				9736A9CC1476232100BD1D92 /* bananas.jpg */,
				9736A9CD1476232100BD1D92 /* caged.jpg */,
				9736A9CE1476232100BD1D92 /* caged3.jpg */,
				9736A9CF1476232100BD1D92 /* drive.jpg */,
				9736A9D01476232100BD1D92 /* dust.jpg */,
				9736A9D11476232100BD1D92 /* enjoy.jpg */,
				9736A9D21476232100BD1D92 /* eyes.jpg */,
				9736A9D31476232100BD1D92 /* fall.jpg */,
				9736A9D41476232100BD1D92 /* forestdark.jpg */,
				9736A9D51476232100BD1D92 /* forestlight.jpg */,
				9736A9D61476232100BD1D92 /* going.jpg */,
			);
			name = photos;
			sourceTree = "<group>";
		};
		97E361CD147B3844001FCE37 /* Models */ = {
			isa = PBXGroup;
			children = (
				97E361D6147B450D001FCE37 /* Photo.h */,
				97E361D7147B450D001FCE37 /* Photo.m */,
				97E361D9147B4519001FCE37 /* Person.h */,
				97E361DA147B4519001FCE37 /* Person.m */,
			);
			name = Models;
			sourceTree = "<group>";
		};
/* End PBXGroup section */

/* Begin PBXNativeTarget section */
		1D6058900D05DD3D006BFB54 /* decade */ = {
			isa = PBXNativeTarget;
			buildConfigurationList = 1D6058960D05DD3E006BFB54 /* Build configuration list for PBXNativeTarget "decade" */;
			buildPhases = (
				1D60588D0D05DD3D006BFB54 /* Resources */,
				1D60588E0D05DD3D006BFB54 /* Sources */,
				1D60588F0D05DD3D006BFB54 /* Frameworks */,
			);
			buildRules = (
			);
			dependencies = (
			);
			name = decade;
			productName = decade;
			productReference = 1D6058910D05DD3D006BFB54 /* decade.app */;
			productType = "com.apple.product-type.application";
		};
/* End PBXNativeTarget section */

/* Begin PBXProject section */
		29B97313FDCFA39411CA2CEA /* Project object */ = {
			isa = PBXProject;
			buildConfigurationList = C01FCF4E08A954540054247B /* Build configuration list for PBXProject "decade" */;
			compatibilityVersion = "Xcode 3.2";
			developmentRegion = English;
			hasScannedForEncodings = 1;
			knownRegions = (
				English,
				Japanese,
				French,
				German,
			);
			mainGroup = 29B97314FDCFA39411CA2CEA /* CustomTemplate */;
			projectDirPath = "";
			projectRoot = "";
			targets = (
				1D6058900D05DD3D006BFB54 /* decade */,
			);
		};
/* End PBXProject section */

/* Begin PBXResourcesBuildPhase section */
		1D60588D0D05DD3D006BFB54 /* Resources */ = {
			isa = PBXResourcesBuildPhase;
			buildActionMask = 2147483647;
			files = (
				28AD733F0D9D9553002E5188 /* MainWindow.xib in Resources */,
				97A3B6051474ACC100A08FA4 /* PersonListViewController.xib in Resources */,
				9736A9D71476232100BD1D92 /* apples.jpg in Resources */,
				9736A9D81476232100BD1D92 /* bananas.jpg in Resources */,
				9736A9D91476232100BD1D92 /* caged.jpg in Resources */,
				9736A9DA1476232100BD1D92 /* caged3.jpg in Resources */,
				9736A9DB1476232100BD1D92 /* drive.jpg in Resources */,
				9736A9DC1476232100BD1D92 /* dust.jpg in Resources */,
				9736A9DD1476232100BD1D92 /* enjoy.jpg in Resources */,
				9736A9DE1476232100BD1D92 /* eyes.jpg in Resources */,
				9736A9DF1476232100BD1D92 /* fall.jpg in Resources */,
				9736A9E01476232100BD1D92 /* forestdark.jpg in Resources */,
				9736A9E11476232100BD1D92 /* forestlight.jpg in Resources */,
				9736A9E21476232100BD1D92 /* going.jpg in Resources */,
				97E361BF14772DE1001FCE37 /* Photos.plist in Resources */,
				97E361C1147730A3001FCE37 /* paper.jpg in Resources */,
				97E361C9147739C9001FCE37 /* PhotoDetailViewController.xib in Resources */,
			);
			runOnlyForDeploymentPostprocessing = 0;
		};
/* End PBXResourcesBuildPhase section */

/* Begin PBXSourcesBuildPhase section */
		1D60588E0D05DD3D006BFB54 /* Sources */ = {
			isa = PBXSourcesBuildPhase;
			buildActionMask = 2147483647;
			files = (
				1D60589B0D05DD56006BFB54 /* main.m in Sources */,
				1D3623260D0F684500981E51 /* decadeAppDelegate.m in Sources */,
				28193060112F816700ECF9B4 /* decade.xcdatamodeld in Sources */,
				97A3B6041474ACC100A08FA4 /* PersonListViewController.m in Sources */,
				97E361BD14771F9D001FCE37 /* PhotoListViewController.m in Sources */,
				97E361C8147739C9001FCE37 /* PhotoDetailViewController.m in Sources */,
				97E361D8147B450D001FCE37 /* Photo.m in Sources */,
				97E361DB147B4519001FCE37 /* Person.m in Sources */,
			);
			runOnlyForDeploymentPostprocessing = 0;
		};
/* End PBXSourcesBuildPhase section */

/* Begin XCBuildConfiguration section */
		1D6058940D05DD3E006BFB54 /* Debug */ = {
			isa = XCBuildConfiguration;
			buildSettings = {
				ALWAYS_SEARCH_USER_PATHS = NO;
				COPY_PHASE_STRIP = NO;
				GCC_DYNAMIC_NO_PIC = NO;
				GCC_OPTIMIZATION_LEVEL = 0;
				GCC_PRECOMPILE_PREFIX_HEADER = YES;
				GCC_PREFIX_HEADER = decade_Prefix.pch;
				INFOPLIST_FILE = "decade-Info.plist";
				IPHONEOS_DEPLOYMENT_TARGET = 4.3;
				PRODUCT_NAME = decade;
				TARGETED_DEVICE_FAMILY = 1;
			};
			name = Debug;
		};
		1D6058950D05DD3E006BFB54 /* Release */ = {
			isa = XCBuildConfiguration;
			buildSettings = {
				ALWAYS_SEARCH_USER_PATHS = NO;
				COPY_PHASE_STRIP = YES;
				GCC_PRECOMPILE_PREFIX_HEADER = YES;
				GCC_PREFIX_HEADER = decade_Prefix.pch;
				INFOPLIST_FILE = "decade-Info.plist";
				IPHONEOS_DEPLOYMENT_TARGET = 4.3;
				PRODUCT_NAME = decade;
				TARGETED_DEVICE_FAMILY = 1;
				VALIDATE_PRODUCT = YES;
			};
			name = Release;
		};
		C01FCF4F08A954540054247B /* Debug */ = {
			isa = XCBuildConfiguration;
			buildSettings = {
				ARCHS = "$(ARCHS_STANDARD_32_BIT)";
				"CODE_SIGN_IDENTITY[sdk=iphoneos*]" = "iPhone Developer";
				GCC_C_LANGUAGE_STANDARD = c99;
				GCC_WARN_ABOUT_RETURN_TYPE = YES;
				GCC_WARN_UNUSED_VARIABLE = YES;
				PREBINDING = NO;
				SDKROOT = iphoneos;
			};
			name = Debug;
		};
		C01FCF5008A954540054247B /* Release */ = {
			isa = XCBuildConfiguration;
			buildSettings = {
				ARCHS = "$(ARCHS_STANDARD_32_BIT)";
				"CODE_SIGN_IDENTITY[sdk=iphoneos*]" = "iPhone Developer";
				GCC_C_LANGUAGE_STANDARD = c99;
				GCC_WARN_ABOUT_RETURN_TYPE = YES;
				GCC_WARN_UNUSED_VARIABLE = YES;
				OTHER_CFLAGS = "-DNS_BLOCK_ASSERTIONS=1";
				PREBINDING = NO;
				SDKROOT = iphoneos;
			};
			name = Release;
		};
/* End XCBuildConfiguration section */

/* Begin XCConfigurationList section */
		1D6058960D05DD3E006BFB54 /* Build configuration list for PBXNativeTarget "decade" */ = {
			isa = XCConfigurationList;
			buildConfigurations = (
				1D6058940D05DD3E006BFB54 /* Debug */,
				1D6058950D05DD3E006BFB54 /* Release */,
			);
			defaultConfigurationIsVisible = 0;
			defaultConfigurationName = Release;
		};
		C01FCF4E08A954540054247B /* Build configuration list for PBXProject "decade" */ = {
			isa = XCConfigurationList;
			buildConfigurations = (
				C01FCF4F08A954540054247B /* Debug */,
				C01FCF5008A954540054247B /* Release */,
			);
			defaultConfigurationIsVisible = 0;
			defaultConfigurationName = Release;
		};
/* End XCConfigurationList section */

/* Begin XCVersionGroup section */
		2819305F112F816700ECF9B4 /* decade.xcdatamodeld */ = {
			isa = XCVersionGroup;
			children = (
				28C3AD890F43EF2300507BA6 /* decade.xcdatamodel */,
			);
			currentVersion = 28C3AD890F43EF2300507BA6 /* decade.xcdatamodel */;
			path = decade.xcdatamodeld;
			sourceTree = "<group>";
			versionGroupType = wrapper.xcdatamodel;
		};
/* End XCVersionGroup section */
	};
	rootObject = 29B97313FDCFA39411CA2CEA /* Project object */;
}
