// !$*UTF8*$!
{
	archiveVersion = 1;
	classes = {
	};
	objectVersion = 46;
	objects = {

/* Begin PBXBuildFile section */
		1D3623260D0F684500981E51 /* decadeAppDelegate.m in Sources */ = {isa = PBXBuildFile; fileRef = 1D3623250D0F684500981E51 /* decadeAppDelegate.m */; };
		1D60589B0D05DD56006BFB54 /* main.m in Sources */ = {isa = PBXBuildFile; fileRef = 29B97316FDCFA39411CA2CEA /* main.m */; };
		1D60589F0D05DD5A006BFB54 /* Foundation.framework in Frameworks */ = {isa = PBXBuildFile; fileRef = 1D30AB110D05D00D00671497 /* Foundation.framework */; };
		1DF5F4E00D08C38300B7A737 /* UIKit.framework in Frameworks */ = {isa = PBXBuildFile; fileRef = 1DF5F4DF0D08C38300B7A737 /* UIKit.framework */; };
		28193060112F816700ECF9B4 /* decade.xcdatamodeld in Sources */ = {isa = PBXBuildFile; fileRef = 2819305F112F816700ECF9B4 /* decade.xcdatamodeld */; };
		288765A50DF7441C002DB57D /* CoreGraphics.framework in Frameworks */ = {isa = PBXBuildFile; fileRef = 288765A40DF7441C002DB57D /* CoreGraphics.framework */; };
		28AD733F0D9D9553002E5188 /* MainWindow.xib in Resources */ = {isa = PBXBuildFile; fileRef = 28AD733E0D9D9553002E5188 /* MainWindow.xib */; };
		28D801B40F44B63D00FB423F /* CoreData.framework in Frameworks */ = {isa = PBXBuildFile; fileRef = 28D801B30F44B63D00FB423F /* CoreData.framework */; };
		9700A8A6147CC29A008A4843 /* NSObject+SBJson.m in Sources */ = {isa = PBXBuildFile; fileRef = 9700A88E147CC29A008A4843 /* NSObject+SBJson.m */; };
		9700A8A7147CC29A008A4843 /* SBJsonParser.m in Sources */ = {isa = PBXBuildFile; fileRef = 9700A891147CC29A008A4843 /* SBJsonParser.m */; };
		9700A8A8147CC29A008A4843 /* SBJsonStreamParser.m in Sources */ = {isa = PBXBuildFile; fileRef = 9700A893147CC29A008A4843 /* SBJsonStreamParser.m */; };
		9700A8A9147CC29A008A4843 /* SBJsonStreamParserAccumulator.m in Sources */ = {isa = PBXBuildFile; fileRef = 9700A895147CC29A008A4843 /* SBJsonStreamParserAccumulator.m */; };
		9700A8AA147CC29A008A4843 /* SBJsonStreamParserAdapter.m in Sources */ = {isa = PBXBuildFile; fileRef = 9700A897147CC29A008A4843 /* SBJsonStreamParserAdapter.m */; };
		9700A8AB147CC29A008A4843 /* SBJsonStreamParserState.m in Sources */ = {isa = PBXBuildFile; fileRef = 9700A899147CC29A008A4843 /* SBJsonStreamParserState.m */; };
		9700A8AC147CC29A008A4843 /* SBJsonStreamWriter.m in Sources */ = {isa = PBXBuildFile; fileRef = 9700A89B147CC29A008A4843 /* SBJsonStreamWriter.m */; };
		9700A8AD147CC29A008A4843 /* SBJsonStreamWriterAccumulator.m in Sources */ = {isa = PBXBuildFile; fileRef = 9700A89D147CC29A008A4843 /* SBJsonStreamWriterAccumulator.m */; };
		9700A8AE147CC29A008A4843 /* SBJsonStreamWriterState.m in Sources */ = {isa = PBXBuildFile; fileRef = 9700A89F147CC29A008A4843 /* SBJsonStreamWriterState.m */; };
		9700A8AF147CC29A008A4843 /* SBJsonTokeniser.m in Sources */ = {isa = PBXBuildFile; fileRef = 9700A8A1147CC29A008A4843 /* SBJsonTokeniser.m */; };
		9700A8B0147CC29A008A4843 /* SBJsonUTF8Stream.m in Sources */ = {isa = PBXBuildFile; fileRef = 9700A8A3147CC29A008A4843 /* SBJsonUTF8Stream.m */; };
		9700A8B1147CC29A008A4843 /* SBJsonWriter.m in Sources */ = {isa = PBXBuildFile; fileRef = 9700A8A5147CC29A008A4843 /* SBJsonWriter.m */; };
		971DD234147B8C3600481C51 /* Photo.m in Sources */ = {isa = PBXBuildFile; fileRef = 971DD233147B8C3600481C51 /* Photo.m */; };
		971DD23A147B8CAB00481C51 /* Person.m in Sources */ = {isa = PBXBuildFile; fileRef = 971DD239147B8CAB00481C51 /* Person.m */; };
		971DD24C147C65C400481C51 /* PhotoEditViewController.m in Sources */ = {isa = PBXBuildFile; fileRef = 971DD24A147C65C400481C51 /* PhotoEditViewController.m */; };
		971DD24D147C65C400481C51 /* PhotoEditViewController.xib in Resources */ = {isa = PBXBuildFile; fileRef = 971DD24B147C65C400481C51 /* PhotoEditViewController.xib */; };
		9736A9D71476232100BD1D92 /* apples.jpg in Resources */ = {isa = PBXBuildFile; fileRef = 9736A9CB1476232100BD1D92 /* apples.jpg */; };
		9736A9D81476232100BD1D92 /* bananas.jpg in Resources */ = {isa = PBXBuildFile; fileRef = 9736A9CC1476232100BD1D92 /* bananas.jpg */; };
		9736A9D91476232100BD1D92 /* caged.jpg in Resources */ = {isa = PBXBuildFile; fileRef = 9736A9CD1476232100BD1D92 /* caged.jpg */; };
		9736A9DA1476232100BD1D92 /* caged3.jpg in Resources */ = {isa = PBXBuildFile; fileRef = 9736A9CE1476232100BD1D92 /* caged3.jpg */; };
		9736A9DB1476232100BD1D92 /* drive.jpg in Resources */ = {isa = PBXBuildFile; fileRef = 9736A9CF1476232100BD1D92 /* drive.jpg */; };
		9736A9DC1476232100BD1D92 /* dust.jpg in Resources */ = {isa = PBXBuildFile; fileRef = 9736A9D01476232100BD1D92 /* dust.jpg */; };
		9736A9DD1476232100BD1D92 /* enjoy.jpg in Resources */ = {isa = PBXBuildFile; fileRef = 9736A9D11476232100BD1D92 /* enjoy.jpg */; };
		9736A9DE1476232100BD1D92 /* eyes.jpg in Resources */ = {isa = PBXBuildFile; fileRef = 9736A9D21476232100BD1D92 /* eyes.jpg */; };
		9736A9DF1476232100BD1D92 /* fall.jpg in Resources */ = {isa = PBXBuildFile; fileRef = 9736A9D31476232100BD1D92 /* fall.jpg */; };
		9736A9E01476232100BD1D92 /* forestdark.jpg in Resources */ = {isa = PBXBuildFile; fileRef = 9736A9D41476232100BD1D92 /* forestdark.jpg */; };
		9736A9E11476232100BD1D92 /* forestlight.jpg in Resources */ = {isa = PBXBuildFile; fileRef = 9736A9D51476232100BD1D92 /* forestlight.jpg */; };
		9736A9E21476232100BD1D92 /* going.jpg in Resources */ = {isa = PBXBuildFile; fileRef = 9736A9D61476232100BD1D92 /* going.jpg */; };
		97868AFA1485CDA100C73BBD /* soda.png in Resources */ = {isa = PBXBuildFile; fileRef = 97868AF91485CDA100C73BBD /* soda.png */; };
		97868AFD1485CDF000C73BBD /* squaresoda_hires.png in Resources */ = {isa = PBXBuildFile; fileRef = 97868AFB1485CDF000C73BBD /* squaresoda_hires.png */; };
		97868AFE1485CDF000C73BBD /* squaresoda.png in Resources */ = {isa = PBXBuildFile; fileRef = 97868AFC1485CDF000C73BBD /* squaresoda.png */; };
		97A3B6041474ACC100A08FA4 /* PersonListViewController.m in Sources */ = {isa = PBXBuildFile; fileRef = 97A3B6021474ACC100A08FA4 /* PersonListViewController.m */; };
		97E361BD14771F9D001FCE37 /* PhotoListViewController.m in Sources */ = {isa = PBXBuildFile; fileRef = 97E361BC14771F9D001FCE37 /* PhotoListViewController.m */; };
		97E361BF14772DE1001FCE37 /* Photos.plist in Resources */ = {isa = PBXBuildFile; fileRef = 97E361BE14772DE1001FCE37 /* Photos.plist */; };
		97E361C1147730A3001FCE37 /* paper.jpg in Resources */ = {isa = PBXBuildFile; fileRef = 97E361C0147730A3001FCE37 /* paper.jpg */; };
		97E361C8147739C9001FCE37 /* PhotoDetailViewController.m in Sources */ = {isa = PBXBuildFile; fileRef = 97E361C6147739C8001FCE37 /* PhotoDetailViewController.m */; };
		97E361C9147739C9001FCE37 /* PhotoDetailViewController.xib in Resources */ = {isa = PBXBuildFile; fileRef = 97E361C7147739C8001FCE37 /* PhotoDetailViewController.xib */; };
		97E361DE147B4641001FCE37 /* FlickrFetcher.m in Sources */ = {isa = PBXBuildFile; fileRef = 97E361DD147B4640001FCE37 /* FlickrFetcher.m */; };
		97E361E2147B5941001FCE37 /* People.xcdatamodeld in Sources */ = {isa = PBXBuildFile; fileRef = 97E361E0147B5941001FCE37 /* People.xcdatamodeld */; };
		97EDC80C1487798F00DB42D9 /* MapKit.framework in Frameworks */ = {isa = PBXBuildFile; fileRef = 97EDC80B1487798F00DB42D9 /* MapKit.framework */; };
		97EDC8101487811800DB42D9 /* PhotoMapViewController.m in Sources */ = {isa = PBXBuildFile; fileRef = 97EDC80E1487811800DB42D9 /* PhotoMapViewController.m */; };
		97EDC8111487811800DB42D9 /* PhotoMapViewController.xib in Resources */ = {isa = PBXBuildFile; fileRef = 97EDC80F1487811800DB42D9 /* PhotoMapViewController.xib */; };
		97EDC816148D884E00DB42D9 /* CoreLocation.framework in Frameworks */ = {isa = PBXBuildFile; fileRef = 97EDC815148D884E00DB42D9 /* CoreLocation.framework */; };
/* End PBXBuildFile section */

/* Begin PBXFileReference section */
		1D30AB110D05D00D00671497 /* Foundation.framework */ = {isa = PBXFileReference; lastKnownFileType = wrapper.framework; name = Foundation.framework; path = System/Library/Frameworks/Foundation.framework; sourceTree = SDKROOT; };
		1D3623240D0F684500981E51 /* decadeAppDelegate.h */ = {isa = PBXFileReference; fileEncoding = 4; lastKnownFileType = sourcecode.c.h; path = decadeAppDelegate.h; sourceTree = "<group>"; };
		1D3623250D0F684500981E51 /* decadeAppDelegate.m */ = {isa = PBXFileReference; fileEncoding = 4; lastKnownFileType = sourcecode.c.objc; path = decadeAppDelegate.m; sourceTree = "<group>"; };
		1D6058910D05DD3D006BFB54 /* decade.app */ = {isa = PBXFileReference; explicitFileType = wrapper.application; includeInIndex = 0; path = decade.app; sourceTree = BUILT_PRODUCTS_DIR; };
		1DF5F4DF0D08C38300B7A737 /* UIKit.framework */ = {isa = PBXFileReference; lastKnownFileType = wrapper.framework; name = UIKit.framework; path = System/Library/Frameworks/UIKit.framework; sourceTree = SDKROOT; };
		288765A40DF7441C002DB57D /* CoreGraphics.framework */ = {isa = PBXFileReference; lastKnownFileType = wrapper.framework; name = CoreGraphics.framework; path = System/Library/Frameworks/CoreGraphics.framework; sourceTree = SDKROOT; };
		28AD733E0D9D9553002E5188 /* MainWindow.xib */ = {isa = PBXFileReference; lastKnownFileType = file.xib; path = MainWindow.xib; sourceTree = "<group>"; };
		28C3AD890F43EF2300507BA6 /* decade.xcdatamodel */ = {isa = PBXFileReference; fileEncoding = 4; lastKnownFileType = wrapper.xcdatamodel; path = decade.xcdatamodel; sourceTree = "<group>"; };
		28D801B30F44B63D00FB423F /* CoreData.framework */ = {isa = PBXFileReference; lastKnownFileType = wrapper.framework; name = CoreData.framework; path = System/Library/Frameworks/CoreData.framework; sourceTree = SDKROOT; };
		29B97316FDCFA39411CA2CEA /* main.m */ = {isa = PBXFileReference; fileEncoding = 4; lastKnownFileType = sourcecode.c.objc; path = main.m; sourceTree = "<group>"; };
		32CA4F630368D1EE00C91783 /* decade_Prefix.pch */ = {isa = PBXFileReference; fileEncoding = 4; lastKnownFileType = sourcecode.c.h; path = decade_Prefix.pch; sourceTree = "<group>"; };
		8D1107310486CEB800E47090 /* decade-Info.plist */ = {isa = PBXFileReference; fileEncoding = 4; lastKnownFileType = text.plist.xml; path = "decade-Info.plist"; plistStructureDefinitionIdentifier = "com.apple.xcode.plist.structure-definition.iphone.info-plist"; sourceTree = "<group>"; };
		9700A88D147CC29A008A4843 /* NSObject+SBJson.h */ = {isa = PBXFileReference; fileEncoding = 4; lastKnownFileType = sourcecode.c.h; path = "NSObject+SBJson.h"; sourceTree = "<group>"; };
		9700A88E147CC29A008A4843 /* NSObject+SBJson.m */ = {isa = PBXFileReference; fileEncoding = 4; lastKnownFileType = sourcecode.c.objc; path = "NSObject+SBJson.m"; sourceTree = "<group>"; };
		9700A88F147CC29A008A4843 /* SBJson.h */ = {isa = PBXFileReference; fileEncoding = 4; lastKnownFileType = sourcecode.c.h; path = SBJson.h; sourceTree = "<group>"; };
		9700A890147CC29A008A4843 /* SBJsonParser.h */ = {isa = PBXFileReference; fileEncoding = 4; lastKnownFileType = sourcecode.c.h; path = SBJsonParser.h; sourceTree = "<group>"; };
		9700A891147CC29A008A4843 /* SBJsonParser.m */ = {isa = PBXFileReference; fileEncoding = 4; lastKnownFileType = sourcecode.c.objc; path = SBJsonParser.m; sourceTree = "<group>"; };
		9700A892147CC29A008A4843 /* SBJsonStreamParser.h */ = {isa = PBXFileReference; fileEncoding = 4; lastKnownFileType = sourcecode.c.h; path = SBJsonStreamParser.h; sourceTree = "<group>"; };
		9700A893147CC29A008A4843 /* SBJsonStreamParser.m */ = {isa = PBXFileReference; fileEncoding = 4; lastKnownFileType = sourcecode.c.objc; path = SBJsonStreamParser.m; sourceTree = "<group>"; };
		9700A894147CC29A008A4843 /* SBJsonStreamParserAccumulator.h */ = {isa = PBXFileReference; fileEncoding = 4; lastKnownFileType = sourcecode.c.h; path = SBJsonStreamParserAccumulator.h; sourceTree = "<group>"; };
		9700A895147CC29A008A4843 /* SBJsonStreamParserAccumulator.m */ = {isa = PBXFileReference; fileEncoding = 4; lastKnownFileType = sourcecode.c.objc; path = SBJsonStreamParserAccumulator.m; sourceTree = "<group>"; };
		9700A896147CC29A008A4843 /* SBJsonStreamParserAdapter.h */ = {isa = PBXFileReference; fileEncoding = 4; lastKnownFileType = sourcecode.c.h; path = SBJsonStreamParserAdapter.h; sourceTree = "<group>"; };
		9700A897147CC29A008A4843 /* SBJsonStreamParserAdapter.m */ = {isa = PBXFileReference; fileEncoding = 4; lastKnownFileType = sourcecode.c.objc; path = SBJsonStreamParserAdapter.m; sourceTree = "<group>"; };
		9700A898147CC29A008A4843 /* SBJsonStreamParserState.h */ = {isa = PBXFileReference; fileEncoding = 4; lastKnownFileType = sourcecode.c.h; path = SBJsonStreamParserState.h; sourceTree = "<group>"; };
		9700A899147CC29A008A4843 /* SBJsonStreamParserState.m */ = {isa = PBXFileReference; fileEncoding = 4; lastKnownFileType = sourcecode.c.objc; path = SBJsonStreamParserState.m; sourceTree = "<group>"; };
		9700A89A147CC29A008A4843 /* SBJsonStreamWriter.h */ = {isa = PBXFileReference; fileEncoding = 4; lastKnownFileType = sourcecode.c.h; path = SBJsonStreamWriter.h; sourceTree = "<group>"; };
		9700A89B147CC29A008A4843 /* SBJsonStreamWriter.m */ = {isa = PBXFileReference; fileEncoding = 4; lastKnownFileType = sourcecode.c.objc; path = SBJsonStreamWriter.m; sourceTree = "<group>"; };
		9700A89C147CC29A008A4843 /* SBJsonStreamWriterAccumulator.h */ = {isa = PBXFileReference; fileEncoding = 4; lastKnownFileType = sourcecode.c.h; path = SBJsonStreamWriterAccumulator.h; sourceTree = "<group>"; };
		9700A89D147CC29A008A4843 /* SBJsonStreamWriterAccumulator.m */ = {isa = PBXFileReference; fileEncoding = 4; lastKnownFileType = sourcecode.c.objc; path = SBJsonStreamWriterAccumulator.m; sourceTree = "<group>"; };
		9700A89E147CC29A008A4843 /* SBJsonStreamWriterState.h */ = {isa = PBXFileReference; fileEncoding = 4; lastKnownFileType = sourcecode.c.h; path = SBJsonStreamWriterState.h; sourceTree = "<group>"; };
		9700A89F147CC29A008A4843 /* SBJsonStreamWriterState.m */ = {isa = PBXFileReference; fileEncoding = 4; lastKnownFileType = sourcecode.c.objc; path = SBJsonStreamWriterState.m; sourceTree = "<group>"; };
		9700A8A0147CC29A008A4843 /* SBJsonTokeniser.h */ = {isa = PBXFileReference; fileEncoding = 4; lastKnownFileType = sourcecode.c.h; path = SBJsonTokeniser.h; sourceTree = "<group>"; };
		9700A8A1147CC29A008A4843 /* SBJsonTokeniser.m */ = {isa = PBXFileReference; fileEncoding = 4; lastKnownFileType = sourcecode.c.objc; path = SBJsonTokeniser.m; sourceTree = "<group>"; };
		9700A8A2147CC29A008A4843 /* SBJsonUTF8Stream.h */ = {isa = PBXFileReference; fileEncoding = 4; lastKnownFileType = sourcecode.c.h; path = SBJsonUTF8Stream.h; sourceTree = "<group>"; };
		9700A8A3147CC29A008A4843 /* SBJsonUTF8Stream.m */ = {isa = PBXFileReference; fileEncoding = 4; lastKnownFileType = sourcecode.c.objc; path = SBJsonUTF8Stream.m; sourceTree = "<group>"; };
		9700A8A4147CC29A008A4843 /* SBJsonWriter.h */ = {isa = PBXFileReference; fileEncoding = 4; lastKnownFileType = sourcecode.c.h; path = SBJsonWriter.h; sourceTree = "<group>"; };
		9700A8A5147CC29A008A4843 /* SBJsonWriter.m */ = {isa = PBXFileReference; fileEncoding = 4; lastKnownFileType = sourcecode.c.objc; path = SBJsonWriter.m; sourceTree = "<group>"; };
		971DD232147B8C3600481C51 /* Photo.h */ = {isa = PBXFileReference; fileEncoding = 4; lastKnownFileType = sourcecode.c.h; path = Photo.h; sourceTree = "<group>"; };
		971DD233147B8C3600481C51 /* Photo.m */ = {isa = PBXFileReference; fileEncoding = 4; lastKnownFileType = sourcecode.c.objc; path = Photo.m; sourceTree = "<group>"; };
		971DD238147B8CAB00481C51 /* Person.h */ = {isa = PBXFileReference; fileEncoding = 4; lastKnownFileType = sourcecode.c.h; path = Person.h; sourceTree = "<group>"; };
		971DD239147B8CAB00481C51 /* Person.m */ = {isa = PBXFileReference; fileEncoding = 4; lastKnownFileType = sourcecode.c.objc; path = Person.m; sourceTree = "<group>"; };
		971DD249147C65C400481C51 /* PhotoEditViewController.h */ = {isa = PBXFileReference; fileEncoding = 4; lastKnownFileType = sourcecode.c.h; path = PhotoEditViewController.h; sourceTree = "<group>"; };
		971DD24A147C65C400481C51 /* PhotoEditViewController.m */ = {isa = PBXFileReference; fileEncoding = 4; lastKnownFileType = sourcecode.c.objc; path = PhotoEditViewController.m; sourceTree = "<group>"; };
		971DD24B147C65C400481C51 /* PhotoEditViewController.xib */ = {isa = PBXFileReference; fileEncoding = 4; lastKnownFileType = file.xib; path = PhotoEditViewController.xib; sourceTree = "<group>"; };
		9736A9CB1476232100BD1D92 /* apples.jpg */ = {isa = PBXFileReference; lastKnownFileType = image.jpeg; name = apples.jpg; path = Resources/apples.jpg; sourceTree = "<group>"; };
		9736A9CC1476232100BD1D92 /* bananas.jpg */ = {isa = PBXFileReference; lastKnownFileType = image.jpeg; name = bananas.jpg; path = Resources/bananas.jpg; sourceTree = "<group>"; };
		9736A9CD1476232100BD1D92 /* caged.jpg */ = {isa = PBXFileReference; lastKnownFileType = image.jpeg; name = caged.jpg; path = Resources/caged.jpg; sourceTree = "<group>"; };
		9736A9CE1476232100BD1D92 /* caged3.jpg */ = {isa = PBXFileReference; lastKnownFileType = image.jpeg; name = caged3.jpg; path = Resources/caged3.jpg; sourceTree = "<group>"; };
		9736A9CF1476232100BD1D92 /* drive.jpg */ = {isa = PBXFileReference; lastKnownFileType = image.jpeg; name = drive.jpg; path = Resources/drive.jpg; sourceTree = "<group>"; };
		9736A9D01476232100BD1D92 /* dust.jpg */ = {isa = PBXFileReference; lastKnownFileType = image.jpeg; name = dust.jpg; path = Resources/dust.jpg; sourceTree = "<group>"; };
		9736A9D11476232100BD1D92 /* enjoy.jpg */ = {isa = PBXFileReference; lastKnownFileType = image.jpeg; name = enjoy.jpg; path = Resources/enjoy.jpg; sourceTree = "<group>"; };
		9736A9D21476232100BD1D92 /* eyes.jpg */ = {isa = PBXFileReference; lastKnownFileType = image.jpeg; name = eyes.jpg; path = Resources/eyes.jpg; sourceTree = "<group>"; };
		9736A9D31476232100BD1D92 /* fall.jpg */ = {isa = PBXFileReference; lastKnownFileType = image.jpeg; name = fall.jpg; path = Resources/fall.jpg; sourceTree = "<group>"; };
		9736A9D41476232100BD1D92 /* forestdark.jpg */ = {isa = PBXFileReference; lastKnownFileType = image.jpeg; name = forestdark.jpg; path = Resources/forestdark.jpg; sourceTree = "<group>"; };
		9736A9D51476232100BD1D92 /* forestlight.jpg */ = {isa = PBXFileReference; lastKnownFileType = image.jpeg; name = forestlight.jpg; path = Resources/forestlight.jpg; sourceTree = "<group>"; };
		9736A9D61476232100BD1D92 /* going.jpg */ = {isa = PBXFileReference; lastKnownFileType = image.jpeg; name = going.jpg; path = Resources/going.jpg; sourceTree = "<group>"; };
		97868AF91485CDA100C73BBD /* soda.png */ = {isa = PBXFileReference; lastKnownFileType = image.png; path = soda.png; sourceTree = "<group>"; };
		97868AFB1485CDF000C73BBD /* squaresoda_hires.png */ = {isa = PBXFileReference; lastKnownFileType = image.png; path = squaresoda_hires.png; sourceTree = "<group>"; };
		97868AFC1485CDF000C73BBD /* squaresoda.png */ = {isa = PBXFileReference; lastKnownFileType = image.png; path = squaresoda.png; sourceTree = "<group>"; };
		97A3B6011474ACC100A08FA4 /* PersonListViewController.h */ = {isa = PBXFileReference; fileEncoding = 4; lastKnownFileType = sourcecode.c.h; path = PersonListViewController.h; sourceTree = "<group>"; };
		97A3B6021474ACC100A08FA4 /* PersonListViewController.m */ = {isa = PBXFileReference; fileEncoding = 4; lastKnownFileType = sourcecode.c.objc; path = PersonListViewController.m; sourceTree = "<group>"; };
		97E361BB14771F9D001FCE37 /* PhotoListViewController.h */ = {isa = PBXFileReference; fileEncoding = 4; lastKnownFileType = sourcecode.c.h; path = PhotoListViewController.h; sourceTree = "<group>"; };
		97E361BC14771F9D001FCE37 /* PhotoListViewController.m */ = {isa = PBXFileReference; fileEncoding = 4; lastKnownFileType = sourcecode.c.objc; path = PhotoListViewController.m; sourceTree = "<group>"; };
		97E361BE14772DE1001FCE37 /* Photos.plist */ = {isa = PBXFileReference; fileEncoding = 4; lastKnownFileType = text.plist.xml; name = Photos.plist; path = Classes/Photos.plist; sourceTree = "<group>"; };
		97E361C0147730A3001FCE37 /* paper.jpg */ = {isa = PBXFileReference; lastKnownFileType = image.jpeg; name = paper.jpg; path = Resources/paper.jpg; sourceTree = "<group>"; };
		97E361C5147739C8001FCE37 /* PhotoDetailViewController.h */ = {isa = PBXFileReference; fileEncoding = 4; lastKnownFileType = sourcecode.c.h; path = PhotoDetailViewController.h; sourceTree = "<group>"; };
		97E361C6147739C8001FCE37 /* PhotoDetailViewController.m */ = {isa = PBXFileReference; fileEncoding = 4; lastKnownFileType = sourcecode.c.objc; path = PhotoDetailViewController.m; sourceTree = "<group>"; };
		97E361C7147739C8001FCE37 /* PhotoDetailViewController.xib */ = {isa = PBXFileReference; fileEncoding = 4; lastKnownFileType = file.xib; path = PhotoDetailViewController.xib; sourceTree = "<group>"; };
		97E361DC147B4640001FCE37 /* FlickrFetcher.h */ = {isa = PBXFileReference; fileEncoding = 4; lastKnownFileType = sourcecode.c.h; path = FlickrFetcher.h; sourceTree = "<group>"; };
		97E361DD147B4640001FCE37 /* FlickrFetcher.m */ = {isa = PBXFileReference; fileEncoding = 4; lastKnownFileType = sourcecode.c.objc; path = FlickrFetcher.m; sourceTree = "<group>"; };
		97E361E1147B5941001FCE37 /* People.xcdatamodel */ = {isa = PBXFileReference; lastKnownFileType = wrapper.xcdatamodel; path = People.xcdatamodel; sourceTree = "<group>"; };
		97EDC80B1487798F00DB42D9 /* MapKit.framework */ = {isa = PBXFileReference; lastKnownFileType = wrapper.framework; name = MapKit.framework; path = System/Library/Frameworks/MapKit.framework; sourceTree = SDKROOT; };
		97EDC80D1487811800DB42D9 /* PhotoMapViewController.h */ = {isa = PBXFileReference; fileEncoding = 4; lastKnownFileType = sourcecode.c.h; path = PhotoMapViewController.h; sourceTree = "<group>"; };
		97EDC80E1487811800DB42D9 /* PhotoMapViewController.m */ = {isa = PBXFileReference; fileEncoding = 4; lastKnownFileType = sourcecode.c.objc; path = PhotoMapViewController.m; sourceTree = "<group>"; };
		97EDC80F1487811800DB42D9 /* PhotoMapViewController.xib */ = {isa = PBXFileReference; fileEncoding = 4; lastKnownFileType = file.xib; path = PhotoMapViewController.xib; sourceTree = "<group>"; };
		97EDC815148D884E00DB42D9 /* CoreLocation.framework */ = {isa = PBXFileReference; lastKnownFileType = wrapper.framework; name = CoreLocation.framework; path = System/Library/Frameworks/CoreLocation.framework; sourceTree = SDKROOT; };
/* End PBXFileReference section */

/* Begin PBXFrameworksBuildPhase section */
		1D60588F0D05DD3D006BFB54 /* Frameworks */ = {
			isa = PBXFrameworksBuildPhase;
			buildActionMask = 2147483647;
			files = (
				97EDC816148D884E00DB42D9 /* CoreLocation.framework in Frameworks */,
				1D60589F0D05DD5A006BFB54 /* Foundation.framework in Frameworks */,
				1DF5F4E00D08C38300B7A737 /* UIKit.framework in Frameworks */,
				288765A50DF7441C002DB57D /* CoreGraphics.framework in Frameworks */,
				28D801B40F44B63D00FB423F /* CoreData.framework in Frameworks */,
				97EDC80C1487798F00DB42D9 /* MapKit.framework in Frameworks */,
			);
			runOnlyForDeploymentPostprocessing = 0;
		};
/* End PBXFrameworksBuildPhase section */

/* Begin PBXGroup section */
		080E96DDFE201D6D7F000001 /* Classes */ = {
			isa = PBXGroup;
			children = (
				9700A88C147CC28D008A4843 /* JSON */,
				971DD231147B8C2600481C51 /* Model */,
				97E361E0147B5941001FCE37 /* People.xcdatamodeld */,
				97E361DF147B4644001FCE37 /* Flickr Helpers */,
				1D3623240D0F684500981E51 /* decadeAppDelegate.h */,
				1D3623250D0F684500981E51 /* decadeAppDelegate.m */,
			);
			path = Classes;
			sourceTree = "<group>";
		};
		19C28FACFE9D520D11CA2CBB /* Products */ = {
			isa = PBXGroup;
			children = (
				1D6058910D05DD3D006BFB54 /* decade.app */,
			);
			name = Products;
			sourceTree = "<group>";
		};
		29B97314FDCFA39411CA2CEA /* CustomTemplate */ = {
			isa = PBXGroup;
			children = (
				080E96DDFE201D6D7F000001 /* Classes */,
				971DD248147C657300481C51 /* View Controllers */,
				29B97315FDCFA39411CA2CEA /* Other Sources */,
				29B97317FDCFA39411CA2CEA /* Resources */,
				29B97323FDCFA39411CA2CEA /* Frameworks */,
				19C28FACFE9D520D11CA2CBB /* Products */,
			);
			name = CustomTemplate;
			sourceTree = "<group>";
		};
		29B97315FDCFA39411CA2CEA /* Other Sources */ = {
			isa = PBXGroup;
			children = (
				32CA4F630368D1EE00C91783 /* decade_Prefix.pch */,
				29B97316FDCFA39411CA2CEA /* main.m */,
			);
			name = "Other Sources";
			sourceTree = "<group>";
		};
		29B97317FDCFA39411CA2CEA /* Resources */ = {
			isa = PBXGroup;
			children = (
				97868AF21485CC3600C73BBD /* iconsandsuch */,
				97E361BE14772DE1001FCE37 /* Photos.plist */,
				9736A9E31476233000BD1D92 /* photos */,
				2819305F112F816700ECF9B4 /* decade.xcdatamodeld */,
				28AD733E0D9D9553002E5188 /* MainWindow.xib */,
				8D1107310486CEB800E47090 /* decade-Info.plist */,
			);
			name = Resources;
			sourceTree = "<group>";
		};
		29B97323FDCFA39411CA2CEA /* Frameworks */ = {
			isa = PBXGroup;
			children = (
				97EDC815148D884E00DB42D9 /* CoreLocation.framework */,
				97EDC80B1487798F00DB42D9 /* MapKit.framework */,
				1DF5F4DF0D08C38300B7A737 /* UIKit.framework */,
				1D30AB110D05D00D00671497 /* Foundation.framework */,
				288765A40DF7441C002DB57D /* CoreGraphics.framework */,
				28D801B30F44B63D00FB423F /* CoreData.framework */,
			);
			name = Frameworks;
			sourceTree = "<group>";
		};
		9700A88C147CC28D008A4843 /* JSON */ = {
			isa = PBXGroup;
			children = (
				9700A88D147CC29A008A4843 /* NSObject+SBJson.h */,
				9700A88E147CC29A008A4843 /* NSObject+SBJson.m */,
				9700A88F147CC29A008A4843 /* SBJson.h */,
				9700A890147CC29A008A4843 /* SBJsonParser.h */,
				9700A891147CC29A008A4843 /* SBJsonParser.m */,
				9700A892147CC29A008A4843 /* SBJsonStreamParser.h */,
				9700A893147CC29A008A4843 /* SBJsonStreamParser.m */,
				9700A894147CC29A008A4843 /* SBJsonStreamParserAccumulator.h */,
				9700A895147CC29A008A4843 /* SBJsonStreamParserAccumulator.m */,
				9700A896147CC29A008A4843 /* SBJsonStreamParserAdapter.h */,
				9700A897147CC29A008A4843 /* SBJsonStreamParserAdapter.m */,
				9700A898147CC29A008A4843 /* SBJsonStreamParserState.h */,
				9700A899147CC29A008A4843 /* SBJsonStreamParserState.m */,
				9700A89A147CC29A008A4843 /* SBJsonStreamWriter.h */,
				9700A89B147CC29A008A4843 /* SBJsonStreamWriter.m */,
				9700A89C147CC29A008A4843 /* SBJsonStreamWriterAccumulator.h */,
				9700A89D147CC29A008A4843 /* SBJsonStreamWriterAccumulator.m */,
				9700A89E147CC29A008A4843 /* SBJsonStreamWriterState.h */,
				9700A89F147CC29A008A4843 /* SBJsonStreamWriterState.m */,
				9700A8A0147CC29A008A4843 /* SBJsonTokeniser.h */,
				9700A8A1147CC29A008A4843 /* SBJsonTokeniser.m */,
				9700A8A2147CC29A008A4843 /* SBJsonUTF8Stream.h */,
				9700A8A3147CC29A008A4843 /* SBJsonUTF8Stream.m */,
				9700A8A4147CC29A008A4843 /* SBJsonWriter.h */,
				9700A8A5147CC29A008A4843 /* SBJsonWriter.m */,
			);
			name = JSON;
			sourceTree = "<group>";
		};
		971DD231147B8C2600481C51 /* Model */ = {
			isa = PBXGroup;
			children = (
				971DD238147B8CAB00481C51 /* Person.h */,
				971DD239147B8CAB00481C51 /* Person.m */,
				971DD232147B8C3600481C51 /* Photo.h */,
				971DD233147B8C3600481C51 /* Photo.m */,
			);
			name = Model;
			sourceTree = "<group>";
		};
		971DD248147C657300481C51 /* View Controllers */ = {
			isa = PBXGroup;
			children = (
				97A3B6011474ACC100A08FA4 /* PersonListViewController.h */,
				97A3B6021474ACC100A08FA4 /* PersonListViewController.m */,
				97E361BB14771F9D001FCE37 /* PhotoListViewController.h */,
				97E361BC14771F9D001FCE37 /* PhotoListViewController.m */,
				97E361C5147739C8001FCE37 /* PhotoDetailViewController.h */,
				97E361C6147739C8001FCE37 /* PhotoDetailViewController.m */,
				97E361C7147739C8001FCE37 /* PhotoDetailViewController.xib */,
				971DD249147C65C400481C51 /* PhotoEditViewController.h */,
				971DD24A147C65C400481C51 /* PhotoEditViewController.m */,
				971DD24B147C65C400481C51 /* PhotoEditViewController.xib */,
				97EDC80D1487811800DB42D9 /* PhotoMapViewController.h */,
				97EDC80E1487811800DB42D9 /* PhotoMapViewController.m */,
				97EDC80F1487811800DB42D9 /* PhotoMapViewController.xib */,
			);
			name = "View Controllers";
			path = Classes;
			sourceTree = "<group>";
		};
		9736A9E31476233000BD1D92 /* photos */ = {
			isa = PBXGroup;
			children = (
				97E361C0147730A3001FCE37 /* paper.jpg */,
				9736A9CB1476232100BD1D92 /* apples.jpg */,
				9736A9CC1476232100BD1D92 /* bananas.jpg */,
				9736A9CD1476232100BD1D92 /* caged.jpg */,
				9736A9CE1476232100BD1D92 /* caged3.jpg */,
				9736A9CF1476232100BD1D92 /* drive.jpg */,
				9736A9D01476232100BD1D92 /* dust.jpg */,
				9736A9D11476232100BD1D92 /* enjoy.jpg */,
				9736A9D21476232100BD1D92 /* eyes.jpg */,
				9736A9D31476232100BD1D92 /* fall.jpg */,
				9736A9D41476232100BD1D92 /* forestdark.jpg */,
				9736A9D51476232100BD1D92 /* forestlight.jpg */,
				9736A9D61476232100BD1D92 /* going.jpg */,
			);
			name = photos;
			sourceTree = "<group>";
		};
		97868AF21485CC3600C73BBD /* iconsandsuch */ = {
			isa = PBXGroup;
			children = (
				97868AFB1485CDF000C73BBD /* squaresoda_hires.png */,
				97868AFC1485CDF000C73BBD /* squaresoda.png */,
				97868AF91485CDA100C73BBD /* soda.png */,
			);
			name = iconsandsuch;
			sourceTree = "<group>";
		};
		97E361DF147B4644001FCE37 /* Flickr Helpers */ = {
			isa = PBXGroup;
			children = (
				97E361DC147B4640001FCE37 /* FlickrFetcher.h */,
				97E361DD147B4640001FCE37 /* FlickrFetcher.m */,
			);
			name = "Flickr Helpers";
			sourceTree = "<group>";
		};
/* End PBXGroup section */

/* Begin PBXNativeTarget section */
		1D6058900D05DD3D006BFB54 /* decade */ = {
			isa = PBXNativeTarget;
			buildConfigurationList = 1D6058960D05DD3E006BFB54 /* Build configuration list for PBXNativeTarget "decade" */;
			buildPhases = (
				1D60588D0D05DD3D006BFB54 /* Resources */,
				1D60588E0D05DD3D006BFB54 /* Sources */,
				1D60588F0D05DD3D006BFB54 /* Frameworks */,
			);
			buildRules = (
			);
			dependencies = (
			);
			name = decade;
			productName = decade;
			productReference = 1D6058910D05DD3D006BFB54 /* decade.app */;
			productType = "com.apple.product-type.application";
		};
/* End PBXNativeTarget section */

/* Begin PBXProject section */
		29B97313FDCFA39411CA2CEA /* Project object */ = {
			isa = PBXProject;
			attributes = {
				LastUpgradeCheck = 0420;
			};
			buildConfigurationList = C01FCF4E08A954540054247B /* Build configuration list for PBXProject "decade" */;
			compatibilityVersion = "Xcode 3.2";
			developmentRegion = English;
			hasScannedForEncodings = 1;
			knownRegions = (
				English,
				Japanese,
				French,
				German,
			);
			mainGroup = 29B97314FDCFA39411CA2CEA /* CustomTemplate */;
			projectDirPath = "";
			projectRoot = "";
			targets = (
				1D6058900D05DD3D006BFB54 /* decade */,
			);
		};
/* End PBXProject section */

/* Begin PBXResourcesBuildPhase section */
		1D60588D0D05DD3D006BFB54 /* Resources */ = {
			isa = PBXResourcesBuildPhase;
			buildActionMask = 2147483647;
			files = (
				28AD733F0D9D9553002E5188 /* MainWindow.xib in Resources */,
				9736A9D71476232100BD1D92 /* apples.jpg in Resources */,
				9736A9D81476232100BD1D92 /* bananas.jpg in Resources */,
				9736A9D91476232100BD1D92 /* caged.jpg in Resources */,
				9736A9DA1476232100BD1D92 /* caged3.jpg in Resources */,
				9736A9DB1476232100BD1D92 /* drive.jpg in Resources */,
				9736A9DC1476232100BD1D92 /* dust.jpg in Resources */,
				9736A9DD1476232100BD1D92 /* enjoy.jpg in Resources */,
				9736A9DE1476232100BD1D92 /* eyes.jpg in Resources */,
				9736A9DF1476232100BD1D92 /* fall.jpg in Resources */,
				9736A9E01476232100BD1D92 /* forestdark.jpg in Resources */,
				9736A9E11476232100BD1D92 /* forestlight.jpg in Resources */,
				9736A9E21476232100BD1D92 /* going.jpg in Resources */,
				97E361BF14772DE1001FCE37 /* Photos.plist in Resources */,
				97E361C1147730A3001FCE37 /* paper.jpg in Resources */,
				97E361C9147739C9001FCE37 /* PhotoDetailViewController.xib in Resources */,
				971DD24D147C65C400481C51 /* PhotoEditViewController.xib in Resources */,
				97868AFA1485CDA100C73BBD /* soda.png in Resources */,
				97868AFD1485CDF000C73BBD /* squaresoda_hires.png in Resources */,
				97868AFE1485CDF000C73BBD /* squaresoda.png in Resources */,
				97EDC8111487811800DB42D9 /* PhotoMapViewController.xib in Resources */,
			);
			runOnlyForDeploymentPostprocessing = 0;
		};
/* End PBXResourcesBuildPhase section */

/* Begin PBXSourcesBuildPhase section */
		1D60588E0D05DD3D006BFB54 /* Sources */ = {
			isa = PBXSourcesBuildPhase;
			buildActionMask = 2147483647;
			files = (
				1D60589B0D05DD56006BFB54 /* main.m in Sources */,
				1D3623260D0F684500981E51 /* decadeAppDelegate.m in Sources */,
				28193060112F816700ECF9B4 /* decade.xcdatamodeld in Sources */,
				97A3B6041474ACC100A08FA4 /* PersonListViewController.m in Sources */,
				97E361BD14771F9D001FCE37 /* PhotoListViewController.m in Sources */,
				97E361C8147739C9001FCE37 /* PhotoDetailViewController.m in Sources */,
				97E361DE147B4641001FCE37 /* FlickrFetcher.m in Sources */,
				97E361E2147B5941001FCE37 /* People.xcdatamodeld in Sources */,
				971DD234147B8C3600481C51 /* Photo.m in Sources */,
				971DD23A147B8CAB00481C51 /* Person.m in Sources */,
				971DD24C147C65C400481C51 /* PhotoEditViewController.m in Sources */,
				9700A8A6147CC29A008A4843 /* NSObject+SBJson.m in Sources */,
				9700A8A7147CC29A008A4843 /* SBJsonParser.m in Sources */,
				9700A8A8147CC29A008A4843 /* SBJsonStreamParser.m in Sources */,
				9700A8A9147CC29A008A4843 /* SBJsonStreamParserAccumulator.m in Sources */,
				9700A8AA147CC29A008A4843 /* SBJsonStreamParserAdapter.m in Sources */,
				9700A8AB147CC29A008A4843 /* SBJsonStreamParserState.m in Sources */,
				9700A8AC147CC29A008A4843 /* SBJsonStreamWriter.m in Sources */,
				9700A8AD147CC29A008A4843 /* SBJsonStreamWriterAccumulator.m in Sources */,
				9700A8AE147CC29A008A4843 /* SBJsonStreamWriterState.m in Sources */,
				9700A8AF147CC29A008A4843 /* SBJsonTokeniser.m in Sources */,
				9700A8B0147CC29A008A4843 /* SBJsonUTF8Stream.m in Sources */,
				9700A8B1147CC29A008A4843 /* SBJsonWriter.m in Sources */,
				97EDC8101487811800DB42D9 /* PhotoMapViewController.m in Sources */,
			);
			runOnlyForDeploymentPostprocessing = 0;
		};
/* End PBXSourcesBuildPhase section */

/* Begin XCBuildConfiguration section */
		1D6058940D05DD3E006BFB54 /* Debug */ = {
			isa = XCBuildConfiguration;
			buildSettings = {
				ALWAYS_SEARCH_USER_PATHS = NO;
				COPY_PHASE_STRIP = NO;
				GCC_DYNAMIC_NO_PIC = NO;
				GCC_OPTIMIZATION_LEVEL = 0;
				GCC_PRECOMPILE_PREFIX_HEADER = YES;
				GCC_PREFIX_HEADER = decade_Prefix.pch;
				INFOPLIST_FILE = "decade-Info.plist";
				IPHONEOS_DEPLOYMENT_TARGET = 4.0;
				PRODUCT_NAME = decade;
				TARGETED_DEVICE_FAMILY = 1;
			};
			name = Debug;
		};
		1D6058950D05DD3E006BFB54 /* Release */ = {
			isa = XCBuildConfiguration;
			buildSettings = {
				ALWAYS_SEARCH_USER_PATHS = NO;
				COPY_PHASE_STRIP = YES;
				GCC_PRECOMPILE_PREFIX_HEADER = YES;
				GCC_PREFIX_HEADER = decade_Prefix.pch;
				INFOPLIST_FILE = "decade-Info.plist";
				IPHONEOS_DEPLOYMENT_TARGET = 4.0;
				PRODUCT_NAME = decade;
				TARGETED_DEVICE_FAMILY = 1;
				VALIDATE_PRODUCT = YES;
			};
			name = Release;
		};
		C01FCF4F08A954540054247B /* Debug */ = {
			isa = XCBuildConfiguration;
			buildSettings = {
				ARCHS = "$(ARCHS_STANDARD_32_BIT)";
				"CODE_SIGN_IDENTITY[sdk=iphoneos*]" = "iPhone Developer";
				GCC_C_LANGUAGE_STANDARD = c99;
				GCC_WARN_ABOUT_RETURN_TYPE = YES;
				GCC_WARN_UNUSED_VARIABLE = YES;
				SDKROOT = iphoneos;
			};
			name = Debug;
		};
		C01FCF5008A954540054247B /* Release */ = {
			isa = XCBuildConfiguration;
			buildSettings = {
				ARCHS = "$(ARCHS_STANDARD_32_BIT)";
				"CODE_SIGN_IDENTITY[sdk=iphoneos*]" = "iPhone Developer";
				GCC_C_LANGUAGE_STANDARD = c99;
				GCC_WARN_ABOUT_RETURN_TYPE = YES;
				GCC_WARN_UNUSED_VARIABLE = YES;
				OTHER_CFLAGS = "-DNS_BLOCK_ASSERTIONS=1";
				SDKROOT = iphoneos;
			};
			name = Release;
		};
/* End XCBuildConfiguration section */

/* Begin XCConfigurationList section */
		1D6058960D05DD3E006BFB54 /* Build configuration list for PBXNativeTarget "decade" */ = {
			isa = XCConfigurationList;
			buildConfigurations = (
				1D6058940D05DD3E006BFB54 /* Debug */,
				1D6058950D05DD3E006BFB54 /* Release */,
			);
			defaultConfigurationIsVisible = 0;
			defaultConfigurationName = Release;
		};
		C01FCF4E08A954540054247B /* Build configuration list for PBXProject "decade" */ = {
			isa = XCConfigurationList;
			buildConfigurations = (
				C01FCF4F08A954540054247B /* Debug */,
				C01FCF5008A954540054247B /* Release */,
			);
			defaultConfigurationIsVisible = 0;
			defaultConfigurationName = Release;
		};
/* End XCConfigurationList section */

/* Begin XCVersionGroup section */
		2819305F112F816700ECF9B4 /* decade.xcdatamodeld */ = {
			isa = XCVersionGroup;
			children = (
				28C3AD890F43EF2300507BA6 /* decade.xcdatamodel */,
			);
			currentVersion = 28C3AD890F43EF2300507BA6 /* decade.xcdatamodel */;
			path = decade.xcdatamodeld;
			sourceTree = "<group>";
			versionGroupType = wrapper.xcdatamodel;
		};
		97E361E0147B5941001FCE37 /* People.xcdatamodeld */ = {
			isa = XCVersionGroup;
			children = (
				97E361E1147B5941001FCE37 /* People.xcdatamodel */,
			);
			currentVersion = 97E361E1147B5941001FCE37 /* People.xcdatamodel */;
			path = People.xcdatamodeld;
			sourceTree = "<group>";
			versionGroupType = wrapper.xcdatamodel;
		};
/* End XCVersionGroup section */
	};
	rootObject = 29B97313FDCFA39411CA2CEA /* Project object */;
}
